{
  "name": "docker-project-dio",
  "lockfileVersion": 2,
  "requires": true,
  "packages": {
    "": {
      "dependencies": {
        "docker-compose": "^0.23.19"
      }
    },
    "node_modules/docker-compose": {
      "version": "0.23.19",
      "resolved": "https://registry.npmjs.org/docker-compose/-/docker-compose-0.23.19.tgz",
      "integrity": "sha512-v5vNLIdUqwj4my80wxFDkNH+4S85zsRuH29SO7dCWVWPCMt/ohZBsGN6g6KXWifT0pzQ7uOxqEKCYCDPJ8Vz4g==",
      "dependencies": {
        "yaml": "^1.10.2"
      },
      "engines": {
        "node": ">= 6.0.0"
      }
    },
    "node_modules/yaml": {
      "version": "1.10.2",
      "resolved": "https://registry.npmjs.org/yaml/-/yaml-1.10.2.tgz",
      "integrity": "sha512-r3vXyErRCYJ7wg28yvBY5VSoAF8ZvlcW9/BwUzEtUsjvX/DKs24dIkuwjtuprwJJHsbyUbLApepYTR1BN4uHrg==",
      "engines": {
        "node": ">= 6"
      }
    }
  },
  "dependencies": {
    "docker-compose": {
      "version": "0.23.19",
      "resolved": "https://registry.npmjs.org/docker-compose/-/docker-compose-0.23.19.tgz",
      "integrity": "sha512-v5vNLIdUqwj4my80wxFDkNH+4S85zsRuH29SO7dCWVWPCMt/ohZBsGN6g6KXWifT0pzQ7uOxqEKCYCDPJ8Vz4g==",
      "requires": {
        "yaml": "^1.10.2"
      }
    },
    "yaml": {
      "version": "1.10.2",
      "resolved": "https://registry.npmjs.org/yaml/-/yaml-1.10.2.tgz",
      "integrity": "sha512-r3vXyErRCYJ7wg28yvBY5VSoAF8ZvlcW9/BwUzEtUsjvX/DKs24dIkuwjtuprwJJHsbyUbLApepYTR1BN4uHrg=="
    }
  }
}
